// !$*UTF8*$!
{
	archiveVersion = 1;
	classes = {
	};
	objectVersion = 50;
	objects = {

/* Begin PBXBuildFile section */
		0A08B0B3212ED8C400D99210 /* AppDelegate.swift in Sources */ = {isa = PBXBuildFile; fileRef = 0A08B0B2212ED8C400D99210 /* AppDelegate.swift */; };
		0A08B0B5212ED8C400D99210 /* ViewController.swift in Sources */ = {isa = PBXBuildFile; fileRef = 0A08B0B4212ED8C400D99210 /* ViewController.swift */; };
		0A08B0B8212ED8C400D99210 /* Main.storyboard in Resources */ = {isa = PBXBuildFile; fileRef = 0A08B0B6212ED8C400D99210 /* Main.storyboard */; };
		0A08B0BB212ED8C400D99210 /* HelloSwift.xcdatamodeld in Sources */ = {isa = PBXBuildFile; fileRef = 0A08B0B9212ED8C400D99210 /* HelloSwift.xcdatamodeld */; };
		0A08B0BD212ED8C500D99210 /* Assets.xcassets in Resources */ = {isa = PBXBuildFile; fileRef = 0A08B0BC212ED8C500D99210 /* Assets.xcassets */; };
		0A08B0C0212ED8C500D99210 /* LaunchScreen.storyboard in Resources */ = {isa = PBXBuildFile; fileRef = 0A08B0BE212ED8C500D99210 /* LaunchScreen.storyboard */; };
		0A08B0C8212EDF2E00D99210 /* Hello.swift in Sources */ = {isa = PBXBuildFile; fileRef = 0A08B0C7212EDF2E00D99210 /* Hello.swift */; };
		0A12347C2270BDE800B01CFD /* HeExpandButton.swift in Sources */ = {isa = PBXBuildFile; fileRef = 0A12347B2270BDE800B01CFD /* HeExpandButton.swift */; };
		0A19F182216B897600C2F127 /* SortUtil.swift in Sources */ = {isa = PBXBuildFile; fileRef = 0A19F181216B897600C2F127 /* SortUtil.swift */; };
		0A5A58B6213AE06B001FBBE5 /* OCFile.m in Sources */ = {isa = PBXBuildFile; fileRef = 0A5A58B5213AE06B001FBBE5 /* OCFile.m */; };
		0A8BBD1922789E6D00E6F30D /* HeParentViewController.swift in Sources */ = {isa = PBXBuildFile; fileRef = 0A8BBD1822789E6D00E6F30D /* HeParentViewController.swift */; };
		0A947CCA226F700D00E1FE61 /* GCDHelper.swift in Sources */ = {isa = PBXBuildFile; fileRef = 0A947CC9226F700D00E1FE61 /* GCDHelper.swift */; };
		0A9D2C572136EFD200046A8A /* KVO.swift in Sources */ = {isa = PBXBuildFile; fileRef = 0A9D2C562136EFD200046A8A /* KVO.swift */; };
		0AA9C455214106CC003F8201 /* RuntimeTool.swift in Sources */ = {isa = PBXBuildFile; fileRef = 0AA9C454214106CC003F8201 /* RuntimeTool.swift */; };
		0AC3F89C213EED2600A2C4D1 /* Dispatch.swift in Sources */ = {isa = PBXBuildFile; fileRef = 0AC3F89B213EED2600A2C4D1 /* Dispatch.swift */; };
		0AD09B932130572C0006A32D /* IntExtension.swift in Sources */ = {isa = PBXBuildFile; fileRef = 0AD09B922130572C0006A32D /* IntExtension.swift */; };
		0ADE260D2275952C002B6DEF /* HeDefines.swift in Sources */ = {isa = PBXBuildFile; fileRef = 0ADE260C2275952C002B6DEF /* HeDefines.swift */; };
		0AF09B4A22776A1D00BF4883 /* HeSlideViewController.swift in Sources */ = {isa = PBXBuildFile; fileRef = 0AF09B4922776A1D00BF4883 /* HeSlideViewController.swift */; };
		0AF09B4C22776A3F00BF4883 /* HeSlideView.swift in Sources */ = {isa = PBXBuildFile; fileRef = 0AF09B4B22776A3F00BF4883 /* HeSlideView.swift */; };
		0AF09B4F22776DAF00BF4883 /* HeOrientationViewController.swift in Sources */ = {isa = PBXBuildFile; fileRef = 0AF09B4D22776DAF00BF4883 /* HeOrientationViewController.swift */; };
		0AF09B5022776DAF00BF4883 /* HeNaviController.swift in Sources */ = {isa = PBXBuildFile; fileRef = 0AF09B4E22776DAF00BF4883 /* HeNaviController.swift */; };
		DDBAC5F1BEADE575C67EC30D /* Pods_HelloSwift.framework in Frameworks */ = {isa = PBXBuildFile; fileRef = E80B92E9B99243365950FE0D /* Pods_HelloSwift.framework */; };
/* End PBXBuildFile section */

/* Begin PBXFileReference section */
		0A08B0AF212ED8C400D99210 /* HelloSwift.app */ = {isa = PBXFileReference; explicitFileType = wrapper.application; includeInIndex = 0; path = HelloSwift.app; sourceTree = BUILT_PRODUCTS_DIR; };
		0A08B0B2212ED8C400D99210 /* AppDelegate.swift */ = {isa = PBXFileReference; lastKnownFileType = sourcecode.swift; path = AppDelegate.swift; sourceTree = "<group>"; };
		0A08B0B4212ED8C400D99210 /* ViewController.swift */ = {isa = PBXFileReference; lastKnownFileType = sourcecode.swift; path = ViewController.swift; sourceTree = "<group>"; };
		0A08B0B7212ED8C400D99210 /* Base */ = {isa = PBXFileReference; lastKnownFileType = file.storyboard; name = Base; path = Base.lproj/Main.storyboard; sourceTree = "<group>"; };
		0A08B0BA212ED8C400D99210 /* HelloSwift.xcdatamodel */ = {isa = PBXFileReference; lastKnownFileType = wrapper.xcdatamodel; path = HelloSwift.xcdatamodel; sourceTree = "<group>"; };
		0A08B0BC212ED8C500D99210 /* Assets.xcassets */ = {isa = PBXFileReference; lastKnownFileType = folder.assetcatalog; path = Assets.xcassets; sourceTree = "<group>"; };
		0A08B0BF212ED8C500D99210 /* Base */ = {isa = PBXFileReference; lastKnownFileType = file.storyboard; name = Base; path = Base.lproj/LaunchScreen.storyboard; sourceTree = "<group>"; };
		0A08B0C7212EDF2E00D99210 /* Hello.swift */ = {isa = PBXFileReference; lastKnownFileType = sourcecode.swift; path = Hello.swift; sourceTree = "<group>"; };
		0A12347B2270BDE800B01CFD /* HeExpandButton.swift */ = {isa = PBXFileReference; lastKnownFileType = sourcecode.swift; path = HeExpandButton.swift; sourceTree = "<group>"; };
		0A19F181216B897600C2F127 /* SortUtil.swift */ = {isa = PBXFileReference; lastKnownFileType = sourcecode.swift; path = SortUtil.swift; sourceTree = "<group>"; };
		0A5A58B3213AE06B001FBBE5 /* OCFile.h */ = {isa = PBXFileReference; fileEncoding = 4; lastKnownFileType = sourcecode.c.h; path = OCFile.h; sourceTree = "<group>"; };
		0A5A58B4213AE06B001FBBE5 /* HelloSwift-Bridging-Header.h */ = {isa = PBXFileReference; fileEncoding = 4; lastKnownFileType = sourcecode.c.h; path = "HelloSwift-Bridging-Header.h"; sourceTree = "<group>"; };
		0A5A58B5213AE06B001FBBE5 /* OCFile.m */ = {isa = PBXFileReference; fileEncoding = 4; lastKnownFileType = sourcecode.c.objc; path = OCFile.m; sourceTree = "<group>"; };
		0A8BBD1822789E6D00E6F30D /* HeParentViewController.swift */ = {isa = PBXFileReference; lastKnownFileType = sourcecode.swift; path = HeParentViewController.swift; sourceTree = "<group>"; };
		0A947CC9226F700D00E1FE61 /* GCDHelper.swift */ = {isa = PBXFileReference; lastKnownFileType = sourcecode.swift; path = GCDHelper.swift; sourceTree = "<group>"; };
		0A9D2C562136EFD200046A8A /* KVO.swift */ = {isa = PBXFileReference; lastKnownFileType = sourcecode.swift; path = KVO.swift; sourceTree = "<group>"; };
		0AA9C454214106CC003F8201 /* RuntimeTool.swift */ = {isa = PBXFileReference; lastKnownFileType = sourcecode.swift; path = RuntimeTool.swift; sourceTree = "<group>"; };
		0AA9C4582142CA75003F8201 /* Info.plist */ = {isa = PBXFileReference; fileEncoding = 4; lastKnownFileType = text.plist.xml; name = Info.plist; path = HelloSwift/Info.plist; sourceTree = SOURCE_ROOT; };
		0AC3F89B213EED2600A2C4D1 /* Dispatch.swift */ = {isa = PBXFileReference; lastKnownFileType = sourcecode.swift; path = Dispatch.swift; sourceTree = "<group>"; };
		0AD09B922130572C0006A32D /* IntExtension.swift */ = {isa = PBXFileReference; lastKnownFileType = sourcecode.swift; path = IntExtension.swift; sourceTree = "<group>"; };
		0ADE260C2275952C002B6DEF /* HeDefines.swift */ = {isa = PBXFileReference; lastKnownFileType = sourcecode.swift; path = HeDefines.swift; sourceTree = "<group>"; };
		0AF09B4922776A1D00BF4883 /* HeSlideViewController.swift */ = {isa = PBXFileReference; fileEncoding = 4; lastKnownFileType = sourcecode.swift; path = HeSlideViewController.swift; sourceTree = "<group>"; };
		0AF09B4B22776A3F00BF4883 /* HeSlideView.swift */ = {isa = PBXFileReference; fileEncoding = 4; lastKnownFileType = sourcecode.swift; path = HeSlideView.swift; sourceTree = "<group>"; };
		0AF09B4D22776DAF00BF4883 /* HeOrientationViewController.swift */ = {isa = PBXFileReference; fileEncoding = 4; lastKnownFileType = sourcecode.swift; name = HeOrientationViewController.swift; path = HelloSwift/Swift/Files/Rotate/HeOrientationViewController.swift; sourceTree = SOURCE_ROOT; };
		0AF09B4E22776DAF00BF4883 /* HeNaviController.swift */ = {isa = PBXFileReference; fileEncoding = 4; lastKnownFileType = sourcecode.swift; name = HeNaviController.swift; path = HelloSwift/Swift/Files/Rotate/HeNaviController.swift; sourceTree = SOURCE_ROOT; };
		314A67A3DC8A2680C1C6AE9D /* Pods-HelloSwift.release.xcconfig */ = {isa = PBXFileReference; includeInIndex = 1; lastKnownFileType = text.xcconfig; name = "Pods-HelloSwift.release.xcconfig"; path = "Pods/Target Support Files/Pods-HelloSwift/Pods-HelloSwift.release.xcconfig"; sourceTree = "<group>"; };
		CC6F7642BCE0FDEC488504EE /* Pods-HelloSwift.debug.xcconfig */ = {isa = PBXFileReference; includeInIndex = 1; lastKnownFileType = text.xcconfig; name = "Pods-HelloSwift.debug.xcconfig"; path = "Pods/Target Support Files/Pods-HelloSwift/Pods-HelloSwift.debug.xcconfig"; sourceTree = "<group>"; };
		E80B92E9B99243365950FE0D /* Pods_HelloSwift.framework */ = {isa = PBXFileReference; explicitFileType = wrapper.framework; includeInIndex = 0; path = Pods_HelloSwift.framework; sourceTree = BUILT_PRODUCTS_DIR; };
/* End PBXFileReference section */

/* Begin PBXFrameworksBuildPhase section */
		0A08B0AC212ED8C400D99210 /* Frameworks */ = {
			isa = PBXFrameworksBuildPhase;
			buildActionMask = 2147483647;
			files = (
				DDBAC5F1BEADE575C67EC30D /* Pods_HelloSwift.framework in Frameworks */,
			);
			runOnlyForDeploymentPostprocessing = 0;
		};
/* End PBXFrameworksBuildPhase section */

/* Begin PBXGroup section */
		0595D4DB4A5C5FC26E499830 /* Frameworks */ = {
			isa = PBXGroup;
			children = (
				E80B92E9B99243365950FE0D /* Pods_HelloSwift.framework */,
			);
			name = Frameworks;
			sourceTree = "<group>";
		};
		0A080816227352DC00E7BF06 /* Hello */ = {
			isa = PBXGroup;
			children = (
				0A08B0C7212EDF2E00D99210 /* Hello.swift */,
				0AD09B922130572C0006A32D /* IntExtension.swift */,
				0A9D2C562136EFD200046A8A /* KVO.swift */,
				0AC3F89B213EED2600A2C4D1 /* Dispatch.swift */,
				0A947CC9226F700D00E1FE61 /* GCDHelper.swift */,
				0AA9C454214106CC003F8201 /* RuntimeTool.swift */,
				0A19F181216B897600C2F127 /* SortUtil.swift */,
				0ADE260C2275952C002B6DEF /* HeDefines.swift */,
			);
			path = Hello;
			sourceTree = "<group>";
		};
		0A08B0A6212ED8C400D99210 = {
			isa = PBXGroup;
			children = (
				0A08B0B1212ED8C400D99210 /* HelloSwift */,
				0A08B0B0212ED8C400D99210 /* Products */,
				EFA38BA6E8FA654FF70A3516 /* Pods */,
				0595D4DB4A5C5FC26E499830 /* Frameworks */,
			);
			sourceTree = "<group>";
		};
		0A08B0B0212ED8C400D99210 /* Products */ = {
			isa = PBXGroup;
			children = (
				0A08B0AF212ED8C400D99210 /* HelloSwift.app */,
			);
			name = Products;
			sourceTree = "<group>";
		};
		0A08B0B1212ED8C400D99210 /* HelloSwift */ = {
			isa = PBXGroup;
			children = (
				0A5A5897213AA2C3001FBBE5 /* Objective-C */,
				0A5A58AB213ADC1B001FBBE5 /* Swift */,
			);
			path = HelloSwift;
			sourceTree = "<group>";
		};
		0A12347D2270CBDB00B01CFD /* Views */ = {
			isa = PBXGroup;
			children = (
				0A12347B2270BDE800B01CFD /* HeExpandButton.swift */,
			);
			path = Views;
			sourceTree = "<group>";
		};
		0A49646D227613BD0012E948 /* Rotate */ = {
			isa = PBXGroup;
			children = (
				0AF09B4E22776DAF00BF4883 /* HeNaviController.swift */,
				0AF09B4D22776DAF00BF4883 /* HeOrientationViewController.swift */,
			);
			name = Rotate;
			path = TopSlide/Rotate;
			sourceTree = "<group>";
		};
		0A5A5897213AA2C3001FBBE5 /* Objective-C */ = {
			isa = PBXGroup;
			children = (
				0A5A58B3213AE06B001FBBE5 /* OCFile.h */,
				0A5A58B5213AE06B001FBBE5 /* OCFile.m */,
				0A5A58B4213AE06B001FBBE5 /* HelloSwift-Bridging-Header.h */,
			);
			path = "Objective-C";
			sourceTree = "<group>";
		};
		0A5A58AB213ADC1B001FBBE5 /* Swift */ = {
			isa = PBXGroup;
			children = (
				0A08B0B2212ED8C400D99210 /* AppDelegate.swift */,
				0A8BBD1822789E6D00E6F30D /* HeParentViewController.swift */,
				0A08B0B4212ED8C400D99210 /* ViewController.swift */,
				0AA9C4562142C998003F8201 /* Files */,
				0AA9C4572142C9AF003F8201 /* Res */,
				0AA9C4582142CA75003F8201 /* Info.plist */,
			);
			path = Swift;
			sourceTree = "<group>";
		};
		0A62236522720BB80018B35D /* Slide */ = {
			isa = PBXGroup;
			children = (
				0AF09B4B22776A3F00BF4883 /* HeSlideView.swift */,
				0AF09B4922776A1D00BF4883 /* HeSlideViewController.swift */,
			);
			path = Slide;
			sourceTree = "<group>";
		};
		0AA9C4562142C998003F8201 /* Files */ = {
			isa = PBXGroup;
			children = (
				0A62236522720BB80018B35D /* Slide */,
				0A49646D227613BD0012E948 /* Rotate */,
				0A12347D2270CBDB00B01CFD /* Views */,
				0A080816227352DC00E7BF06 /* Hello */,
			);
			path = Files;
			sourceTree = "<group>";
		};
		0AA9C4572142C9AF003F8201 /* Res */ = {
			isa = PBXGroup;
			children = (
				0A08B0B9212ED8C400D99210 /* HelloSwift.xcdatamodeld */,
				0A08B0BE212ED8C500D99210 /* LaunchScreen.storyboard */,
				0A08B0B6212ED8C400D99210 /* Main.storyboard */,
				0A08B0BC212ED8C500D99210 /* Assets.xcassets */,
			);
			path = Res;
			sourceTree = "<group>";
		};
		EFA38BA6E8FA654FF70A3516 /* Pods */ = {
			isa = PBXGroup;
			children = (
				CC6F7642BCE0FDEC488504EE /* Pods-HelloSwift.debug.xcconfig */,
				314A67A3DC8A2680C1C6AE9D /* Pods-HelloSwift.release.xcconfig */,
			);
			name = Pods;
			sourceTree = "<group>";
		};
/* End PBXGroup section */

/* Begin PBXNativeTarget section */
		0A08B0AE212ED8C400D99210 /* HelloSwift */ = {
			isa = PBXNativeTarget;
			buildConfigurationList = 0A08B0C4212ED8C500D99210 /* Build configuration list for PBXNativeTarget "HelloSwift" */;
			buildPhases = (
				E71166C37E53EB6EFD75FF43 /* [CP] Check Pods Manifest.lock */,
				0A08B0AB212ED8C400D99210 /* Sources */,
				0A08B0AC212ED8C400D99210 /* Frameworks */,
				0A08B0AD212ED8C400D99210 /* Resources */,
				B0A9FD11EA13BE82A305A7CA /* [CP] Embed Pods Frameworks */,
			);
			buildRules = (
			);
			dependencies = (
			);
			name = HelloSwift;
			productName = HelloSwift;
			productReference = 0A08B0AF212ED8C400D99210 /* HelloSwift.app */;
			productType = "com.apple.product-type.application";
		};
/* End PBXNativeTarget section */

/* Begin PBXProject section */
		0A08B0A7212ED8C400D99210 /* Project object */ = {
			isa = PBXProject;
			attributes = {
				LastSwiftUpdateCheck = 0940;
				LastUpgradeCheck = 0940;
				ORGANIZATIONNAME = Macmafia;
				TargetAttributes = {
					0A08B0AE212ED8C400D99210 = {
						CreatedOnToolsVersion = 9.4.1;
						LastSwiftMigration = 0940;
					};
				};
			};
			buildConfigurationList = 0A08B0AA212ED8C400D99210 /* Build configuration list for PBXProject "HelloSwift" */;
			compatibilityVersion = "Xcode 9.3";
			developmentRegion = en;
			hasScannedForEncodings = 0;
			knownRegions = (
				en,
				Base,
			);
			mainGroup = 0A08B0A6212ED8C400D99210;
			productRefGroup = 0A08B0B0212ED8C400D99210 /* Products */;
			projectDirPath = "";
			projectRoot = "";
			targets = (
				0A08B0AE212ED8C400D99210 /* HelloSwift */,
			);
		};
/* End PBXProject section */

/* Begin PBXResourcesBuildPhase section */
		0A08B0AD212ED8C400D99210 /* Resources */ = {
			isa = PBXResourcesBuildPhase;
			buildActionMask = 2147483647;
			files = (
				0A08B0C0212ED8C500D99210 /* LaunchScreen.storyboard in Resources */,
				0A08B0BD212ED8C500D99210 /* Assets.xcassets in Resources */,
				0A08B0B8212ED8C400D99210 /* Main.storyboard in Resources */,
			);
			runOnlyForDeploymentPostprocessing = 0;
		};
/* End PBXResourcesBuildPhase section */

/* Begin PBXShellScriptBuildPhase section */
		B0A9FD11EA13BE82A305A7CA /* [CP] Embed Pods Frameworks */ = {
			isa = PBXShellScriptBuildPhase;
			buildActionMask = 2147483647;
			files = (
			);
			inputPaths = (
				"${SRCROOT}/Pods/Target Support Files/Pods-HelloSwift/Pods-HelloSwift-frameworks.sh",
				"${BUILT_PRODUCTS_DIR}/SnapKit/SnapKit.framework",
			);
			name = "[CP] Embed Pods Frameworks";
			outputPaths = (
				"${TARGET_BUILD_DIR}/${FRAMEWORKS_FOLDER_PATH}/SnapKit.framework",
			);
			runOnlyForDeploymentPostprocessing = 0;
			shellPath = /bin/sh;
			shellScript = "\"${SRCROOT}/Pods/Target Support Files/Pods-HelloSwift/Pods-HelloSwift-frameworks.sh\"\n";
			showEnvVarsInLog = 0;
		};
		E71166C37E53EB6EFD75FF43 /* [CP] Check Pods Manifest.lock */ = {
			isa = PBXShellScriptBuildPhase;
			buildActionMask = 2147483647;
			files = (
			);
			inputPaths = (
				"${PODS_PODFILE_DIR_PATH}/Podfile.lock",
				"${PODS_ROOT}/Manifest.lock",
			);
			name = "[CP] Check Pods Manifest.lock";
			outputPaths = (
				"$(DERIVED_FILE_DIR)/Pods-HelloSwift-checkManifestLockResult.txt",
			);
			runOnlyForDeploymentPostprocessing = 0;
			shellPath = /bin/sh;
			shellScript = "diff \"${PODS_PODFILE_DIR_PATH}/Podfile.lock\" \"${PODS_ROOT}/Manifest.lock\" > /dev/null\nif [ $? != 0 ] ; then\n    # print error to STDERR\n    echo \"error: The sandbox is not in sync with the Podfile.lock. Run 'pod install' or update your CocoaPods installation.\" >&2\n    exit 1\nfi\n# This output is used by Xcode 'outputs' to avoid re-running this script phase.\necho \"SUCCESS\" > \"${SCRIPT_OUTPUT_FILE_0}\"\n";
			showEnvVarsInLog = 0;
		};
/* End PBXShellScriptBuildPhase section */

/* Begin PBXSourcesBuildPhase section */
		0A08B0AB212ED8C400D99210 /* Sources */ = {
			isa = PBXSourcesBuildPhase;
			buildActionMask = 2147483647;
			files = (
				0A08B0B3212ED8C400D99210 /* AppDelegate.swift in Sources */,
				0A08B0B5212ED8C400D99210 /* ViewController.swift in Sources */,
				0AA9C455214106CC003F8201 /* RuntimeTool.swift in Sources */,
				0AC3F89C213EED2600A2C4D1 /* Dispatch.swift in Sources */,
				0AF09B5022776DAF00BF4883 /* HeNaviController.swift in Sources */,
				0A8BBD1922789E6D00E6F30D /* HeParentViewController.swift in Sources */,
				0A5A58B6213AE06B001FBBE5 /* OCFile.m in Sources */,
				0A947CCA226F700D00E1FE61 /* GCDHelper.swift in Sources */,
				0AF09B4A22776A1D00BF4883 /* HeSlideViewController.swift in Sources */,
				0A12347C2270BDE800B01CFD /* HeExpandButton.swift in Sources */,
				0AF09B4C22776A3F00BF4883 /* HeSlideView.swift in Sources */,
				0ADE260D2275952C002B6DEF /* HeDefines.swift in Sources */,
				0A08B0C8212EDF2E00D99210 /* Hello.swift in Sources */,
				0A9D2C572136EFD200046A8A /* KVO.swift in Sources */,
				0AF09B4F22776DAF00BF4883 /* HeOrientationViewController.swift in Sources */,
				0A19F182216B897600C2F127 /* SortUtil.swift in Sources */,
				0AD09B932130572C0006A32D /* IntExtension.swift in Sources */,
				0A08B0BB212ED8C400D99210 /* HelloSwift.xcdatamodeld in Sources */,
			);
			runOnlyForDeploymentPostprocessing = 0;
		};
/* End PBXSourcesBuildPhase section */

/* Begin PBXVariantGroup section */
		0A08B0B6212ED8C400D99210 /* Main.storyboard */ = {
			isa = PBXVariantGroup;
			children = (
				0A08B0B7212ED8C400D99210 /* Base */,
			);
			name = Main.storyboard;
			sourceTree = "<group>";
		};
		0A08B0BE212ED8C500D99210 /* LaunchScreen.storyboard */ = {
			isa = PBXVariantGroup;
			children = (
				0A08B0BF212ED8C500D99210 /* Base */,
			);
			name = LaunchScreen.storyboard;
			sourceTree = "<group>";
		};
/* End PBXVariantGroup section */

/* Begin XCBuildConfiguration section */
		0A08B0C2212ED8C500D99210 /* Debug */ = {
			isa = XCBuildConfiguration;
			buildSettings = {
				ALWAYS_SEARCH_USER_PATHS = NO;
				CLANG_ANALYZER_NONNULL = YES;
				CLANG_ANALYZER_NUMBER_OBJECT_CONVERSION = YES_AGGRESSIVE;
				CLANG_CXX_LANGUAGE_STANDARD = "gnu++14";
				CLANG_CXX_LIBRARY = "libc++";
				CLANG_ENABLE_MODULES = YES;
				CLANG_ENABLE_OBJC_ARC = YES;
				CLANG_ENABLE_OBJC_WEAK = YES;
				CLANG_WARN_BLOCK_CAPTURE_AUTORELEASING = YES;
				CLANG_WARN_BOOL_CONVERSION = YES;
				CLANG_WARN_COMMA = YES;
				CLANG_WARN_CONSTANT_CONVERSION = YES;
				CLANG_WARN_DEPRECATED_OBJC_IMPLEMENTATIONS = YES;
				CLANG_WARN_DIRECT_OBJC_ISA_USAGE = YES_ERROR;
				CLANG_WARN_DOCUMENTATION_COMMENTS = YES;
				CLANG_WARN_EMPTY_BODY = YES;
				CLANG_WARN_ENUM_CONVERSION = YES;
				CLANG_WARN_INFINITE_RECURSION = YES;
				CLANG_WARN_INT_CONVERSION = YES;
				CLANG_WARN_NON_LITERAL_NULL_CONVERSION = YES;
				CLANG_WARN_OBJC_IMPLICIT_RETAIN_SELF = YES;
				CLANG_WARN_OBJC_LITERAL_CONVERSION = YES;
				CLANG_WARN_OBJC_ROOT_CLASS = YES_ERROR;
				CLANG_WARN_RANGE_LOOP_ANALYSIS = YES;
				CLANG_WARN_STRICT_PROTOTYPES = YES;
				CLANG_WARN_SUSPICIOUS_MOVE = YES;
				CLANG_WARN_UNGUARDED_AVAILABILITY = YES_AGGRESSIVE;
				CLANG_WARN_UNREACHABLE_CODE = YES;
				CLANG_WARN__DUPLICATE_METHOD_MATCH = YES;
				CODE_SIGN_IDENTITY = "iPhone Developer";
				COPY_PHASE_STRIP = NO;
				DEBUG_INFORMATION_FORMAT = dwarf;
				ENABLE_STRICT_OBJC_MSGSEND = YES;
				ENABLE_TESTABILITY = YES;
				GCC_C_LANGUAGE_STANDARD = gnu11;
				GCC_DYNAMIC_NO_PIC = NO;
				GCC_NO_COMMON_BLOCKS = YES;
				GCC_OPTIMIZATION_LEVEL = 0;
				GCC_PREPROCESSOR_DEFINITIONS = (
					"DEBUG=1",
					"$(inherited)",
				);
				GCC_WARN_64_TO_32_BIT_CONVERSION = YES;
				GCC_WARN_ABOUT_RETURN_TYPE = YES_ERROR;
				GCC_WARN_UNDECLARED_SELECTOR = YES;
				GCC_WARN_UNINITIALIZED_AUTOS = YES_AGGRESSIVE;
				GCC_WARN_UNUSED_FUNCTION = YES;
				GCC_WARN_UNUSED_VARIABLE = YES;
				IPHONEOS_DEPLOYMENT_TARGET = 11.4;
				MTL_ENABLE_DEBUG_INFO = YES;
				ONLY_ACTIVE_ARCH = YES;
				SDKROOT = iphoneos;
				SWIFT_ACTIVE_COMPILATION_CONDITIONS = DEBUG;
				SWIFT_OPTIMIZATION_LEVEL = "-Onone";
			};
			name = Debug;
		};
		0A08B0C3212ED8C500D99210 /* Release */ = {
			isa = XCBuildConfiguration;
			buildSettings = {
				ALWAYS_SEARCH_USER_PATHS = NO;
				CLANG_ANALYZER_NONNULL = YES;
				CLANG_ANALYZER_NUMBER_OBJECT_CONVERSION = YES_AGGRESSIVE;
				CLANG_CXX_LANGUAGE_STANDARD = "gnu++14";
				CLANG_CXX_LIBRARY = "libc++";
				CLANG_ENABLE_MODULES = YES;
				CLANG_ENABLE_OBJC_ARC = YES;
				CLANG_ENABLE_OBJC_WEAK = YES;
				CLANG_WARN_BLOCK_CAPTURE_AUTORELEASING = YES;
				CLANG_WARN_BOOL_CONVERSION = YES;
				CLANG_WARN_COMMA = YES;
				CLANG_WARN_CONSTANT_CONVERSION = YES;
				CLANG_WARN_DEPRECATED_OBJC_IMPLEMENTATIONS = YES;
				CLANG_WARN_DIRECT_OBJC_ISA_USAGE = YES_ERROR;
				CLANG_WARN_DOCUMENTATION_COMMENTS = YES;
				CLANG_WARN_EMPTY_BODY = YES;
				CLANG_WARN_ENUM_CONVERSION = YES;
				CLANG_WARN_INFINITE_RECURSION = YES;
				CLANG_WARN_INT_CONVERSION = YES;
				CLANG_WARN_NON_LITERAL_NULL_CONVERSION = YES;
				CLANG_WARN_OBJC_IMPLICIT_RETAIN_SELF = YES;
				CLANG_WARN_OBJC_LITERAL_CONVERSION = YES;
				CLANG_WARN_OBJC_ROOT_CLASS = YES_ERROR;
				CLANG_WARN_RANGE_LOOP_ANALYSIS = YES;
				CLANG_WARN_STRICT_PROTOTYPES = YES;
				CLANG_WARN_SUSPICIOUS_MOVE = YES;
				CLANG_WARN_UNGUARDED_AVAILABILITY = YES_AGGRESSIVE;
				CLANG_WARN_UNREACHABLE_CODE = YES;
				CLANG_WARN__DUPLICATE_METHOD_MATCH = YES;
				CODE_SIGN_IDENTITY = "iPhone Developer";
				COPY_PHASE_STRIP = NO;
				DEBUG_INFORMATION_FORMAT = "dwarf-with-dsym";
				ENABLE_NS_ASSERTIONS = NO;
				ENABLE_STRICT_OBJC_MSGSEND = YES;
				GCC_C_LANGUAGE_STANDARD = gnu11;
				GCC_NO_COMMON_BLOCKS = YES;
				GCC_WARN_64_TO_32_BIT_CONVERSION = YES;
				GCC_WARN_ABOUT_RETURN_TYPE = YES_ERROR;
				GCC_WARN_UNDECLARED_SELECTOR = YES;
				GCC_WARN_UNINITIALIZED_AUTOS = YES_AGGRESSIVE;
				GCC_WARN_UNUSED_FUNCTION = YES;
				GCC_WARN_UNUSED_VARIABLE = YES;
				IPHONEOS_DEPLOYMENT_TARGET = 11.4;
				MTL_ENABLE_DEBUG_INFO = NO;
				SDKROOT = iphoneos;
				SWIFT_COMPILATION_MODE = wholemodule;
				SWIFT_OPTIMIZATION_LEVEL = "-O";
				VALIDATE_PRODUCT = YES;
			};
			name = Release;
		};
		0A08B0C5212ED8C500D99210 /* Debug */ = {
			isa = XCBuildConfiguration;
			baseConfigurationReference = CC6F7642BCE0FDEC488504EE /* Pods-HelloSwift.debug.xcconfig */;
			buildSettings = {
				ASSETCATALOG_COMPILER_APPICON_NAME = AppIcon;
				CLANG_ENABLE_MODULES = YES;
				CODE_SIGN_STYLE = Automatic;
				INFOPLIST_FILE = HelloSwift/Info.plist;
				LD_RUNPATH_SEARCH_PATHS = (
					"$(inherited)",
					"@executable_path/Frameworks",
				);
				PRODUCT_BUNDLE_IDENTIFIER = David.HelloSwift;
				PRODUCT_NAME = "$(TARGET_NAME)";
				SWIFT_OBJC_BRIDGING_HEADER = "HelloSwift/Objective-C/HelloSwift-Bridging-Header.h";
				SWIFT_OPTIMIZATION_LEVEL = "-Onone";
				SWIFT_VERSION = 4.0;
				TARGETED_DEVICE_FAMILY = "1,2";
			};
			name = Debug;
		};
		0A08B0C6212ED8C500D99210 /* Release */ = {
			isa = XCBuildConfiguration;
			baseConfigurationReference = 314A67A3DC8A2680C1C6AE9D /* Pods-HelloSwift.release.xcconfig */;
			buildSettings = {
				ASSETCATALOG_COMPILER_APPICON_NAME = AppIcon;
				CLANG_ENABLE_MODULES = YES;
				CODE_SIGN_STYLE = Automatic;
				INFOPLIST_FILE = HelloSwift/Info.plist;
				LD_RUNPATH_SEARCH_PATHS = (
					"$(inherited)",
					"@executable_path/Frameworks",
				);
				PRODUCT_BUNDLE_IDENTIFIER = David.HelloSwift;
				PRODUCT_NAME = "$(TARGET_NAME)";
				SWIFT_OBJC_BRIDGING_HEADER = "HelloSwift/Objective-C/HelloSwift-Bridging-Header.h";
				SWIFT_VERSION = 4.0;
				TARGETED_DEVICE_FAMILY = "1,2";
			};
			name = Release;
		};
/* End XCBuildConfiguration section */

/* Begin XCConfigurationList section */
		0A08B0AA212ED8C400D99210 /* Build configuration list for PBXProject "HelloSwift" */ = {
			isa = XCConfigurationList;
			buildConfigurations = (
				0A08B0C2212ED8C500D99210 /* Debug */,
				0A08B0C3212ED8C500D99210 /* Release */,
			);
			defaultConfigurationIsVisible = 0;
			defaultConfigurationName = Release;
		};
		0A08B0C4212ED8C500D99210 /* Build configuration list for PBXNativeTarget "HelloSwift" */ = {
			isa = XCConfigurationList;
			buildConfigurations = (
				0A08B0C5212ED8C500D99210 /* Debug */,
				0A08B0C6212ED8C500D99210 /* Release */,
			);
			defaultConfigurationIsVisible = 0;
			defaultConfigurationName = Release;
		};
/* End XCConfigurationList section */

/* Begin XCVersionGroup section */
		0A08B0B9212ED8C400D99210 /* HelloSwift.xcdatamodeld */ = {
			isa = XCVersionGroup;
			children = (
				0A08B0BA212ED8C400D99210 /* HelloSwift.xcdatamodel */,
			);
			currentVersion = 0A08B0BA212ED8C400D99210 /* HelloSwift.xcdatamodel */;
			path = HelloSwift.xcdatamodeld;
			sourceTree = "<group>";
			versionGroupType = wrapper.xcdatamodel;
		};
/* End XCVersionGroup section */
	};
	rootObject = 0A08B0A7212ED8C400D99210 /* Project object */;
}
